
Microsoft Visual Studio Solution File, Format Version 12.00
# Visual Studio Version 16
VisualStudioVersion = 16.0.31729.503
MinimumVisualStudioVersion = 10.0.40219.1
Project("{8BC9CEB8-8B4A-11D0-8D11-00A0C91BC942}") = "TestCurlSMTP", "TestCurlSMTP\TestCurlSMTP.vcxproj", "{8F35359D-8A94-4293-AC9E-A336D8607700}"
EndProject
Global
	GlobalSection(SolutionConfigurationPlatforms) = preSolution
		Debug|x64 = Debug|x64
		Debug|x86 = Debug|x86
		Release|x64 = Release|x64
		Release|x86 = Release|x86
	EndGlobalSection
	GlobalSection(ProjectConfigurationPlatforms) = postSolution
		{8F35359D-8A94-4293-AC9E-A336D8607700}.Debug|x64.ActiveCfg = Debug|x64
		{8F35359D-8A94-4293-AC9E-A336D8607700}.Debug|x64.Build.0 = Debug|x64
		{8F35359D-8A94-4293-AC9E-A336D8607700}.Debug|x86.ActiveCfg = Debug|Win32
		{8F35359D-8A94-4293-AC9E-A336D8607700}.Debug|x86.Build.0 = Debug|Win32
		{8F35359D-8A94-4293-AC9E-A336D8607700}.Release|x64.ActiveCfg = Release|x64
		{8F35359D-8A94-4293-AC9E-A336D8607700}.Release|x64.Build.0 = Release|x64
		{8F35359D-8A94-4293-AC9E-A336D8607700}.Release|x86.ActiveCfg = Release|Win32
		{8F35359D-8A94-4293-AC9E-A336D8607700}.Release|x86.Build.0 = Release|Win32
	EndGlobalSection
	GlobalSection(SolutionProperties) = preSolution
		HideSolutionNode = FALSE
	EndGlobalSection
	GlobalSection(ExtensibilityGlobals) = postSolution
		SolutionGuid = {BFCB4725-9D38-4E83-BD3C-2A227C1EAE60}
	EndGlobalSection
EndGlobal
